// !$*UTF8*$!
{
	archiveVersion = 1;
	classes = {
	};
	objectVersion = 52;
	objects = {

/* Begin PBXBuildFile section */
		04FE4E88263617020003C6A8 /* RealmSwift in Frameworks */ = {isa = PBXBuildFile; productRef = 04FE4E87263617020003C6A8 /* RealmSwift */; };
		840435EF261F8C7700F0F0B8 /* SetValues.swift in Sources */ = {isa = PBXBuildFile; fileRef = 840435EE261F8C7700F0F0B8 /* SetValues.swift */; };
		840693F0261B6976007FC884 /* PlusClass.swift in Sources */ = {isa = PBXBuildFile; fileRef = 840693EF261B6976007FC884 /* PlusClass.swift */; };
		840693F3261B8D95007FC884 /* MinusClass.swift in Sources */ = {isa = PBXBuildFile; fileRef = 840693F2261B8D95007FC884 /* MinusClass.swift */; };
		8408269626149F9000DB84B0 /* AppDelegate.swift in Sources */ = {isa = PBXBuildFile; fileRef = 8408269526149F9000DB84B0 /* AppDelegate.swift */; };
		8408269826149F9000DB84B0 /* SceneDelegate.swift in Sources */ = {isa = PBXBuildFile; fileRef = 8408269726149F9000DB84B0 /* SceneDelegate.swift */; };
		8408269A26149F9000DB84B0 /* ViewController.swift in Sources */ = {isa = PBXBuildFile; fileRef = 8408269926149F9000DB84B0 /* ViewController.swift */; };
		8408269D26149F9000DB84B0 /* Main.storyboard in Resources */ = {isa = PBXBuildFile; fileRef = 8408269B26149F9000DB84B0 /* Main.storyboard */; };
		8408269F26149F9200DB84B0 /* Assets.xcassets in Resources */ = {isa = PBXBuildFile; fileRef = 8408269E26149F9200DB84B0 /* Assets.xcassets */; };
		844F6D1D261F5D46008ECCBB /* EndClass.swift in Sources */ = {isa = PBXBuildFile; fileRef = 844F6D1C261F5D46008ECCBB /* EndClass.swift */; };
		844F6D22261F6B81008ECCBB /* MultiClass.swift in Sources */ = {isa = PBXBuildFile; fileRef = 844F6D21261F6B81008ECCBB /* MultiClass.swift */; };
		844F6D25261F6B94008ECCBB /* DivisionClass.swift in Sources */ = {isa = PBXBuildFile; fileRef = 844F6D24261F6B94008ECCBB /* DivisionClass.swift */; };
		847A611226284583009E114E /* TableViewController.swift in Sources */ = {isa = PBXBuildFile; fileRef = 847A611126284583009E114E /* TableViewController.swift */; };
/* End PBXBuildFile section */

/* Begin PBXFileReference section */
		840435EE261F8C7700F0F0B8 /* SetValues.swift */ = {isa = PBXFileReference; lastKnownFileType = sourcecode.swift; path = SetValues.swift; sourceTree = "<group>"; };
		840693EF261B6976007FC884 /* PlusClass.swift */ = {isa = PBXFileReference; lastKnownFileType = sourcecode.swift; path = PlusClass.swift; sourceTree = "<group>"; };
		840693F2261B8D95007FC884 /* MinusClass.swift */ = {isa = PBXFileReference; lastKnownFileType = sourcecode.swift; path = MinusClass.swift; sourceTree = "<group>"; };
		8408269226149F9000DB84B0 /* Watch.app */ = {isa = PBXFileReference; explicitFileType = wrapper.application; includeInIndex = 0; path = Watch.app; sourceTree = BUILT_PRODUCTS_DIR; };
		8408269526149F9000DB84B0 /* AppDelegate.swift */ = {isa = PBXFileReference; lastKnownFileType = sourcecode.swift; path = AppDelegate.swift; sourceTree = "<group>"; };
		8408269726149F9000DB84B0 /* SceneDelegate.swift */ = {isa = PBXFileReference; lastKnownFileType = sourcecode.swift; path = SceneDelegate.swift; sourceTree = "<group>"; };
		8408269926149F9000DB84B0 /* ViewController.swift */ = {isa = PBXFileReference; lastKnownFileType = sourcecode.swift; path = ViewController.swift; sourceTree = "<group>"; };
		8408269C26149F9000DB84B0 /* Base */ = {isa = PBXFileReference; lastKnownFileType = file.storyboard; name = Base; path = Base.lproj/Main.storyboard; sourceTree = "<group>"; };
		8408269E26149F9200DB84B0 /* Assets.xcassets */ = {isa = PBXFileReference; lastKnownFileType = folder.assetcatalog; path = Assets.xcassets; sourceTree = "<group>"; };
		840826A326149F9200DB84B0 /* Info.plist */ = {isa = PBXFileReference; lastKnownFileType = text.plist.xml; path = Info.plist; sourceTree = "<group>"; };
		844F6D1C261F5D46008ECCBB /* EndClass.swift */ = {isa = PBXFileReference; lastKnownFileType = sourcecode.swift; path = EndClass.swift; sourceTree = "<group>"; };
		844F6D21261F6B81008ECCBB /* MultiClass.swift */ = {isa = PBXFileReference; lastKnownFileType = sourcecode.swift; path = MultiClass.swift; sourceTree = "<group>"; };
		844F6D24261F6B94008ECCBB /* DivisionClass.swift */ = {isa = PBXFileReference; lastKnownFileType = sourcecode.swift; path = DivisionClass.swift; sourceTree = "<group>"; };
		847A611126284583009E114E /* TableViewController.swift */ = {isa = PBXFileReference; lastKnownFileType = sourcecode.swift; path = TableViewController.swift; sourceTree = "<group>"; };
/* End PBXFileReference section */

/* Begin PBXFrameworksBuildPhase section */
		8408268F26149F9000DB84B0 /* Frameworks */ = {
			isa = PBXFrameworksBuildPhase;
			buildActionMask = 2147483647;
			files = (
				04FE4E88263617020003C6A8 /* RealmSwift in Frameworks */,
			);
			runOnlyForDeploymentPostprocessing = 0;
		};
/* End PBXFrameworksBuildPhase section */

/* Begin PBXGroup section */
		8408268926149F9000DB84B0 = {
			isa = PBXGroup;
			children = (
				8408269426149F9000DB84B0 /* Watch */,
				8408269326149F9000DB84B0 /* Products */,
			);
			sourceTree = "<group>";
		};
		8408269326149F9000DB84B0 /* Products */ = {
			isa = PBXGroup;
			children = (
				8408269226149F9000DB84B0 /* Watch.app */,
			);
			name = Products;
			sourceTree = "<group>";
		};
		8408269426149F9000DB84B0 /* Watch */ = {
			isa = PBXGroup;
			children = (
				8408269526149F9000DB84B0 /* AppDelegate.swift */,
				8408269726149F9000DB84B0 /* SceneDelegate.swift */,
				8408269926149F9000DB84B0 /* ViewController.swift */,
				8408269B26149F9000DB84B0 /* Main.storyboard */,
				847A611126284583009E114E /* TableViewController.swift */,
				844F6D1C261F5D46008ECCBB /* EndClass.swift */,
				840693EF261B6976007FC884 /* PlusClass.swift */,
				844F6D21261F6B81008ECCBB /* MultiClass.swift */,
				844F6D24261F6B94008ECCBB /* DivisionClass.swift */,
				840693F2261B8D95007FC884 /* MinusClass.swift */,
				840435EE261F8C7700F0F0B8 /* SetValues.swift */,
				8408269E26149F9200DB84B0 /* Assets.xcassets */,
				840826A326149F9200DB84B0 /* Info.plist */,
			);
			path = Watch;
			sourceTree = "<group>";
		};
/* End PBXGroup section */

/* Begin PBXNativeTarget section */
		8408269126149F9000DB84B0 /* Watch */ = {
			isa = PBXNativeTarget;
			buildConfigurationList = 840826A626149F9200DB84B0 /* Build configuration list for PBXNativeTarget "Watch" */;
			buildPhases = (
				8408268E26149F9000DB84B0 /* Sources */,
				8408268F26149F9000DB84B0 /* Frameworks */,
				8408269026149F9000DB84B0 /* Resources */,
			);
			buildRules = (
			);
			dependencies = (
			);
			name = Watch;
			packageProductDependencies = (
				04FE4E87263617020003C6A8 /* RealmSwift */,
			);
			productName = Watch;
			productReference = 8408269226149F9000DB84B0 /* Watch.app */;
			productType = "com.apple.product-type.application";
		};
/* End PBXNativeTarget section */

/* Begin PBXProject section */
		8408268A26149F9000DB84B0 /* Project object */ = {
			isa = PBXProject;
			attributes = {
				LastSwiftUpdateCheck = 1240;
				LastUpgradeCheck = 1240;
				TargetAttributes = {
					8408269126149F9000DB84B0 = {
						CreatedOnToolsVersion = 12.4;
					};
				};
			};
			buildConfigurationList = 8408268D26149F9000DB84B0 /* Build configuration list for PBXProject "Watch" */;
			compatibilityVersion = "Xcode 9.3";
			developmentRegion = en;
			hasScannedForEncodings = 0;
			knownRegions = (
				en,
				Base,
			);
			mainGroup = 8408268926149F9000DB84B0;
			packageReferences = (
				04FE4E86263617020003C6A8 /* XCRemoteSwiftPackageReference "realm-cocoa" */,
			);
			productRefGroup = 8408269326149F9000DB84B0 /* Products */;
			projectDirPath = "";
			projectRoot = "";
			targets = (
				8408269126149F9000DB84B0 /* Watch */,
			);
		};
/* End PBXProject section */

/* Begin PBXResourcesBuildPhase section */
		8408269026149F9000DB84B0 /* Resources */ = {
			isa = PBXResourcesBuildPhase;
			buildActionMask = 2147483647;
			files = (
				8408269F26149F9200DB84B0 /* Assets.xcassets in Resources */,
				8408269D26149F9000DB84B0 /* Main.storyboard in Resources */,
			);
			runOnlyForDeploymentPostprocessing = 0;
		};
/* End PBXResourcesBuildPhase section */

/* Begin PBXSourcesBuildPhase section */
		8408268E26149F9000DB84B0 /* Sources */ = {
			isa = PBXSourcesBuildPhase;
			buildActionMask = 2147483647;
			files = (
				844F6D1D261F5D46008ECCBB /* EndClass.swift in Sources */,
				844F6D25261F6B94008ECCBB /* DivisionClass.swift in Sources */,
				840693F3261B8D95007FC884 /* MinusClass.swift in Sources */,
				847A611226284583009E114E /* TableViewController.swift in Sources */,
				840435EF261F8C7700F0F0B8 /* SetValues.swift in Sources */,
				8408269A26149F9000DB84B0 /* ViewController.swift in Sources */,
				8408269626149F9000DB84B0 /* AppDelegate.swift in Sources */,
				8408269826149F9000DB84B0 /* SceneDelegate.swift in Sources */,
				840693F0261B6976007FC884 /* PlusClass.swift in Sources */,
				844F6D22261F6B81008ECCBB /* MultiClass.swift in Sources */,
			);
			runOnlyForDeploymentPostprocessing = 0;
		};
/* End PBXSourcesBuildPhase section */

/* Begin PBXVariantGroup section */
		8408269B26149F9000DB84B0 /* Main.storyboard */ = {
			isa = PBXVariantGroup;
			children = (
				8408269C26149F9000DB84B0 /* Base */,
			);
			name = Main.storyboard;
			sourceTree = "<group>";
		};
/* End PBXVariantGroup section */

/* Begin XCBuildConfiguration section */
		840826A426149F9200DB84B0 /* Debug */ = {
			isa = XCBuildConfiguration;
			buildSettings = {
				ALWAYS_SEARCH_USER_PATHS = NO;
				CLANG_ANALYZER_NONNULL = YES;
				CLANG_ANALYZER_NUMBER_OBJECT_CONVERSION = YES_AGGRESSIVE;
				CLANG_CXX_LANGUAGE_STANDARD = "gnu++14";
				CLANG_CXX_LIBRARY = "libc++";
				CLANG_ENABLE_MODULES = YES;
				CLANG_ENABLE_OBJC_ARC = YES;
				CLANG_ENABLE_OBJC_WEAK = YES;
				CLANG_WARN_BLOCK_CAPTURE_AUTORELEASING = YES;
				CLANG_WARN_BOOL_CONVERSION = YES;
				CLANG_WARN_COMMA = YES;
				CLANG_WARN_CONSTANT_CONVERSION = YES;
				CLANG_WARN_DEPRECATED_OBJC_IMPLEMENTATIONS = YES;
				CLANG_WARN_DIRECT_OBJC_ISA_USAGE = YES_ERROR;
				CLANG_WARN_DOCUMENTATION_COMMENTS = YES;
				CLANG_WARN_EMPTY_BODY = YES;
				CLANG_WARN_ENUM_CONVERSION = YES;
				CLANG_WARN_INFINITE_RECURSION = YES;
				CLANG_WARN_INT_CONVERSION = YES;
				CLANG_WARN_NON_LITERAL_NULL_CONVERSION = YES;
				CLANG_WARN_OBJC_IMPLICIT_RETAIN_SELF = YES;
				CLANG_WARN_OBJC_LITERAL_CONVERSION = YES;
				CLANG_WARN_OBJC_ROOT_CLASS = YES_ERROR;
				CLANG_WARN_QUOTED_INCLUDE_IN_FRAMEWORK_HEADER = YES;
				CLANG_WARN_RANGE_LOOP_ANALYSIS = YES;
				CLANG_WARN_STRICT_PROTOTYPES = YES;
				CLANG_WARN_SUSPICIOUS_MOVE = YES;
				CLANG_WARN_UNGUARDED_AVAILABILITY = YES_AGGRESSIVE;
				CLANG_WARN_UNREACHABLE_CODE = YES;
				CLANG_WARN__DUPLICATE_METHOD_MATCH = YES;
				COPY_PHASE_STRIP = NO;
				DEBUG_INFORMATION_FORMAT = dwarf;
				ENABLE_STRICT_OBJC_MSGSEND = YES;
				ENABLE_TESTABILITY = YES;
				GCC_C_LANGUAGE_STANDARD = gnu11;
				GCC_DYNAMIC_NO_PIC = NO;
				GCC_NO_COMMON_BLOCKS = YES;
				GCC_OPTIMIZATION_LEVEL = 0;
				GCC_PREPROCESSOR_DEFINITIONS = (
					"DEBUG=1",
					"$(inherited)",
				);
				GCC_WARN_64_TO_32_BIT_CONVERSION = YES;
				GCC_WARN_ABOUT_RETURN_TYPE = YES_ERROR;
				GCC_WARN_UNDECLARED_SELECTOR = YES;
				GCC_WARN_UNINITIALIZED_AUTOS = YES_AGGRESSIVE;
				GCC_WARN_UNUSED_FUNCTION = YES;
				GCC_WARN_UNUSED_VARIABLE = YES;
				IPHONEOS_DEPLOYMENT_TARGET = 13.6;
				MTL_ENABLE_DEBUG_INFO = INCLUDE_SOURCE;
				MTL_FAST_MATH = YES;
				ONLY_ACTIVE_ARCH = YES;
				SDKROOT = iphoneos;
				SWIFT_ACTIVE_COMPILATION_CONDITIONS = DEBUG;
				SWIFT_OPTIMIZATION_LEVEL = "-Onone";
			};
			name = Debug;
		};
		840826A526149F9200DB84B0 /* Release */ = {
			isa = XCBuildConfiguration;
			buildSettings = {
				ALWAYS_SEARCH_USER_PATHS = NO;
				CLANG_ANALYZER_NONNULL = YES;
				CLANG_ANALYZER_NUMBER_OBJECT_CONVERSION = YES_AGGRESSIVE;
				CLANG_CXX_LANGUAGE_STANDARD = "gnu++14";
				CLANG_CXX_LIBRARY = "libc++";
				CLANG_ENABLE_MODULES = YES;
				CLANG_ENABLE_OBJC_ARC = YES;
				CLANG_ENABLE_OBJC_WEAK = YES;
				CLANG_WARN_BLOCK_CAPTURE_AUTORELEASING = YES;
				CLANG_WARN_BOOL_CONVERSION = YES;
				CLANG_WARN_COMMA = YES;
				CLANG_WARN_CONSTANT_CONVERSION = YES;
				CLANG_WARN_DEPRECATED_OBJC_IMPLEMENTATIONS = YES;
				CLANG_WARN_DIRECT_OBJC_ISA_USAGE = YES_ERROR;
				CLANG_WARN_DOCUMENTATION_COMMENTS = YES;
				CLANG_WARN_EMPTY_BODY = YES;
				CLANG_WARN_ENUM_CONVERSION = YES;
				CLANG_WARN_INFINITE_RECURSION = YES;
				CLANG_WARN_INT_CONVERSION = YES;
				CLANG_WARN_NON_LITERAL_NULL_CONVERSION = YES;
				CLANG_WARN_OBJC_IMPLICIT_RETAIN_SELF = YES;
				CLANG_WARN_OBJC_LITERAL_CONVERSION = YES;
				CLANG_WARN_OBJC_ROOT_CLASS = YES_ERROR;
				CLANG_WARN_QUOTED_INCLUDE_IN_FRAMEWORK_HEADER = YES;
				CLANG_WARN_RANGE_LOOP_ANALYSIS = YES;
				CLANG_WARN_STRICT_PROTOTYPES = YES;
				CLANG_WARN_SUSPICIOUS_MOVE = YES;
				CLANG_WARN_UNGUARDED_AVAILABILITY = YES_AGGRESSIVE;
				CLANG_WARN_UNREACHABLE_CODE = YES;
				CLANG_WARN__DUPLICATE_METHOD_MATCH = YES;
				COPY_PHASE_STRIP = NO;
				DEBUG_INFORMATION_FORMAT = "dwarf-with-dsym";
				ENABLE_NS_ASSERTIONS = NO;
				ENABLE_STRICT_OBJC_MSGSEND = YES;
				GCC_C_LANGUAGE_STANDARD = gnu11;
				GCC_NO_COMMON_BLOCKS = YES;
				GCC_WARN_64_TO_32_BIT_CONVERSION = YES;
				GCC_WARN_ABOUT_RETURN_TYPE = YES_ERROR;
				GCC_WARN_UNDECLARED_SELECTOR = YES;
				GCC_WARN_UNINITIALIZED_AUTOS = YES_AGGRESSIVE;
				GCC_WARN_UNUSED_FUNCTION = YES;
				GCC_WARN_UNUSED_VARIABLE = YES;
				IPHONEOS_DEPLOYMENT_TARGET = 13.6;
				MTL_ENABLE_DEBUG_INFO = NO;
				MTL_FAST_MATH = YES;
				SDKROOT = iphoneos;
				SWIFT_COMPILATION_MODE = wholemodule;
				SWIFT_OPTIMIZATION_LEVEL = "-O";
				VALIDATE_PRODUCT = YES;
			};
			name = Release;
		};
		840826A726149F9200DB84B0 /* Debug */ = {
			isa = XCBuildConfiguration;
			buildSettings = {
				ASSETCATALOG_COMPILER_APPICON_NAME = AppIcon;
				ASSETCATALOG_COMPILER_GLOBAL_ACCENT_COLOR_NAME = AccentColor;
				CODE_SIGN_STYLE = Automatic;
				DEVELOPMENT_TEAM = 9D8G27H82A;
				INFOPLIST_FILE = Watch/Info.plist;
				IPHONEOS_DEPLOYMENT_TARGET = 13.6;
				LD_RUNPATH_SEARCH_PATHS = (
					"$(inherited)",
					"@executable_path/Frameworks",
				);
				PRODUCT_BUNDLE_IDENTIFIER = ZhukTeam.Watch;
				PRODUCT_NAME = "$(TARGET_NAME)";
				SWIFT_VERSION = 5.0;
				TARGETED_DEVICE_FAMILY = "1,2";
			};
			name = Debug;
		};
		840826A826149F9200DB84B0 /* Release */ = {
			isa = XCBuildConfiguration;
			buildSettings = {
				ASSETCATALOG_COMPILER_APPICON_NAME = AppIcon;
				ASSETCATALOG_COMPILER_GLOBAL_ACCENT_COLOR_NAME = AccentColor;
				CODE_SIGN_STYLE = Automatic;
				DEVELOPMENT_TEAM = 9D8G27H82A;
				INFOPLIST_FILE = Watch/Info.plist;
				IPHONEOS_DEPLOYMENT_TARGET = 13.6;
				LD_RUNPATH_SEARCH_PATHS = (
					"$(inherited)",
					"@executable_path/Frameworks",
				);
				PRODUCT_BUNDLE_IDENTIFIER = ZhukTeam.Watch;
				PRODUCT_NAME = "$(TARGET_NAME)";
				SWIFT_VERSION = 5.0;
				TARGETED_DEVICE_FAMILY = "1,2";
			};
			name = Release;
		};
/* End XCBuildConfiguration section */

/* Begin XCConfigurationList section */
		8408268D26149F9000DB84B0 /* Build configuration list for PBXProject "Watch" */ = {
			isa = XCConfigurationList;
			buildConfigurations = (
				840826A426149F9200DB84B0 /* Debug */,
				840826A526149F9200DB84B0 /* Release */,
			);
			defaultConfigurationIsVisible = 0;
			defaultConfigurationName = Release;
		};
		840826A626149F9200DB84B0 /* Build configuration list for PBXNativeTarget "Watch" */ = {
			isa = XCConfigurationList;
			buildConfigurations = (
				840826A726149F9200DB84B0 /* Debug */,
				840826A826149F9200DB84B0 /* Release */,
			);
			defaultConfigurationIsVisible = 0;
			defaultConfigurationName = Release;
		};
/* End XCConfigurationList section */

/* Begin XCRemoteSwiftPackageReference section */
		04FE4E86263617020003C6A8 /* XCRemoteSwiftPackageReference "realm-cocoa" */ = {
			isa = XCRemoteSwiftPackageReference;
			repositoryURL = "https://github.com/realm/realm-cocoa.git";
			requirement = {
				kind = upToNextMajorVersion;
				minimumVersion = 10.7.3;
			};
		};
/* End XCRemoteSwiftPackageReference section */

/* Begin XCSwiftPackageProductDependency section */
		04FE4E87263617020003C6A8 /* RealmSwift */ = {
			isa = XCSwiftPackageProductDependency;
			package = 04FE4E86263617020003C6A8 /* XCRemoteSwiftPackageReference "realm-cocoa" */;
			productName = RealmSwift;
		};
/* End XCSwiftPackageProductDependency section */
	};
	rootObject = 8408268A26149F9000DB84B0 /* Project object */;
}
